
Microsoft Visual Studio Solution File, Format Version 12.00
# Visual Studio 15
VisualStudioVersion = 15.0.27130.2024
MinimumVisualStudioVersion = 10.0.40219.1
Project("{9A19103F-16F7-4668-BE54-9A1E7A4F7556}") = "DynamiConfig", "DynamiConfig\DynamiConfig.csproj", "{6ED46DA5-7547-469C-A4E5-8F8FEB78F1B0}"
EndProject
Project("{9A19103F-16F7-4668-BE54-9A1E7A4F7556}") = "DynamiConfig.Web", "DynamiConfig.Web\DynamiConfig.Web.csproj", "{6A167489-8464-4932-A8D6-0AACAD744364}"
EndProject
Project("{FAE04EC0-301F-11D3-BF4B-00C04F79EFBC}") = "DynamiConfig.Console", "DynamiConfig.Console\DynamiConfig.Console.csproj", "{97864C65-F899-4D33-A984-3850F256E289}"
EndProject
Global
	GlobalSection(SolutionConfigurationPlatforms) = preSolution
		Debug|Any CPU = Debug|Any CPU
		Release|Any CPU = Release|Any CPU
	EndGlobalSection
	GlobalSection(ProjectConfigurationPlatforms) = postSolution
		{6ED46DA5-7547-469C-A4E5-8F8FEB78F1B0}.Debug|Any CPU.ActiveCfg = Debug|Any CPU
		{6ED46DA5-7547-469C-A4E5-8F8FEB78F1B0}.Debug|Any CPU.Build.0 = Debug|Any CPU
		{6ED46DA5-7547-469C-A4E5-8F8FEB78F1B0}.Release|Any CPU.ActiveCfg = Release|Any CPU
		{6ED46DA5-7547-469C-A4E5-8F8FEB78F1B0}.Release|Any CPU.Build.0 = Release|Any CPU
		{6A167489-8464-4932-A8D6-0AACAD744364}.Debug|Any CPU.ActiveCfg = Debug|Any CPU
		{6A167489-8464-4932-A8D6-0AACAD744364}.Debug|Any CPU.Build.0 = Debug|Any CPU
		{6A167489-8464-4932-A8D6-0AACAD744364}.Release|Any CPU.ActiveCfg = Release|Any CPU
		{6A167489-8464-4932-A8D6-0AACAD744364}.Release|Any CPU.Build.0 = Release|Any CPU
		{97864C65-F899-4D33-A984-3850F256E289}.Debug|Any CPU.ActiveCfg = Debug|Any CPU
		{97864C65-F899-4D33-A984-3850F256E289}.Debug|Any CPU.Build.0 = Debug|Any CPU
		{97864C65-F899-4D33-A984-3850F256E289}.Release|Any CPU.ActiveCfg = Release|Any CPU
		{97864C65-F899-4D33-A984-3850F256E289}.Release|Any CPU.Build.0 = Release|Any CPU
	EndGlobalSection
	GlobalSection(SolutionProperties) = preSolution
		HideSolutionNode = FALSE
	EndGlobalSection
	GlobalSection(ExtensibilityGlobals) = postSolution
		SolutionGuid = {0533A86D-0FEB-419B-B7B8-C22903D9ADD4}
	EndGlobalSection
EndGlobal
